// !$*UTF8*$!
{
	archiveVersion = 1;
	classes = {
	};
	objectVersion = 55;
	objects = {

/* Begin PBXBuildFile section */
		340A68CC290BAB9B00C1DBCC /* 576bc2fc91ef22121.mp4 in Resources */ = {isa = PBXBuildFile; fileRef = 340A68CB290BAB9B00C1DBCC /* 576bc2fc91ef22121.mp4 */; };
		340A68CE290BAE4800C1DBCC /* Wonderful Tonight.wav in Resources */ = {isa = PBXBuildFile; fileRef = 340A68CD290BAE4800C1DBCC /* Wonderful Tonight.wav */; };
		340A68D5290BB7A300C1DBCC /* JHAudioPlayerController.swift in Sources */ = {isa = PBXBuildFile; fileRef = 340A68D3290BB7A300C1DBCC /* JHAudioPlayerController.swift */; };
		340A68D6290BB7A300C1DBCC /* JHAudioPlayerController.xib in Resources */ = {isa = PBXBuildFile; fileRef = 340A68D4290BB7A300C1DBCC /* JHAudioPlayerController.xib */; };
		345820FA290A71ED00B5D98B /* AppDelegate.swift in Sources */ = {isa = PBXBuildFile; fileRef = 345820F9290A71ED00B5D98B /* AppDelegate.swift */; };
		345820FC290A71ED00B5D98B /* SceneDelegate.swift in Sources */ = {isa = PBXBuildFile; fileRef = 345820FB290A71ED00B5D98B /* SceneDelegate.swift */; };
		345820FE290A71ED00B5D98B /* ViewController.swift in Sources */ = {isa = PBXBuildFile; fileRef = 345820FD290A71ED00B5D98B /* ViewController.swift */; };
		34582101290A71ED00B5D98B /* Main.storyboard in Resources */ = {isa = PBXBuildFile; fileRef = 345820FF290A71ED00B5D98B /* Main.storyboard */; };
		34582103290A71EE00B5D98B /* Assets.xcassets in Resources */ = {isa = PBXBuildFile; fileRef = 34582102290A71EE00B5D98B /* Assets.xcassets */; };
		34582106290A71EE00B5D98B /* LaunchScreen.storyboard in Resources */ = {isa = PBXBuildFile; fileRef = 34582104290A71EE00B5D98B /* LaunchScreen.storyboard */; };
		34582111290A71EE00B5D98B /* AVFoundationDemoTests.swift in Sources */ = {isa = PBXBuildFile; fileRef = 34582110290A71EE00B5D98B /* AVFoundationDemoTests.swift */; };
		3458211B290A71EE00B5D98B /* AVFoundationDemoUITests.swift in Sources */ = {isa = PBXBuildFile; fileRef = 3458211A290A71EE00B5D98B /* AVFoundationDemoUITests.swift */; };
		3458211D290A71EE00B5D98B /* AVFoundationDemoUITestsLaunchTests.swift in Sources */ = {isa = PBXBuildFile; fileRef = 3458211C290A71EE00B5D98B /* AVFoundationDemoUITestsLaunchTests.swift */; };
		3458212A290A727D00B5D98B /* data.json in Resources */ = {isa = PBXBuildFile; fileRef = 34582129290A727D00B5D98B /* data.json */; };
		3458212D290A730800B5D98B /* JHSpeechController.swift in Sources */ = {isa = PBXBuildFile; fileRef = 3458212C290A730800B5D98B /* JHSpeechController.swift */; };
		3463578E291118E600322A37 /* String+Extentsion.swift in Sources */ = {isa = PBXBuildFile; fileRef = 3463578D291118E600322A37 /* String+Extentsion.swift */; };
		34D2C8B32910C27E00844DF3 /* JHAudioRecoderController.swift in Sources */ = {isa = PBXBuildFile; fileRef = 34D2C8B12910C27E00844DF3 /* JHAudioRecoderController.swift */; };
		34D2C8B42910C27E00844DF3 /* JHAudioRecoderController.xib in Resources */ = {isa = PBXBuildFile; fileRef = 34D2C8B22910C27E00844DF3 /* JHAudioRecoderController.xib */; };
		34D2C8B72910C48700844DF3 /* FileManager.swift in Sources */ = {isa = PBXBuildFile; fileRef = 34D2C8B62910C48700844DF3 /* FileManager.swift */; };
		9EF51484A5CA6280175389E1 /* Pods_AVFoundationDemo.framework in Frameworks */ = {isa = PBXBuildFile; fileRef = 35939E7BCB0CB9160F6F78A6 /* Pods_AVFoundationDemo.framework */; };
/* End PBXBuildFile section */

/* Begin PBXContainerItemProxy section */
		3458210D290A71EE00B5D98B /* PBXContainerItemProxy */ = {
			isa = PBXContainerItemProxy;
			containerPortal = 345820EE290A71ED00B5D98B /* Project object */;
			proxyType = 1;
			remoteGlobalIDString = 345820F5290A71ED00B5D98B;
			remoteInfo = AVFoundationDemo;
		};
		34582117290A71EE00B5D98B /* PBXContainerItemProxy */ = {
			isa = PBXContainerItemProxy;
			containerPortal = 345820EE290A71ED00B5D98B /* Project object */;
			proxyType = 1;
			remoteGlobalIDString = 345820F5290A71ED00B5D98B;
			remoteInfo = AVFoundationDemo;
		};
/* End PBXContainerItemProxy section */

/* Begin PBXFileReference section */
		00E20ED29C5D21D36F85DCFE /* Pods-AVFoundationDemo.release.xcconfig */ = {isa = PBXFileReference; includeInIndex = 1; lastKnownFileType = text.xcconfig; name = "Pods-AVFoundationDemo.release.xcconfig"; path = "Target Support Files/Pods-AVFoundationDemo/Pods-AVFoundationDemo.release.xcconfig"; sourceTree = "<group>"; };
		340A68CB290BAB9B00C1DBCC /* 576bc2fc91ef22121.mp4 */ = {isa = PBXFileReference; lastKnownFileType = file; path = 576bc2fc91ef22121.mp4; sourceTree = "<group>"; };
		340A68CD290BAE4800C1DBCC /* Wonderful Tonight.wav */ = {isa = PBXFileReference; lastKnownFileType = audio.wav; path = "Wonderful Tonight.wav"; sourceTree = "<group>"; };
		340A68D3290BB7A300C1DBCC /* JHAudioPlayerController.swift */ = {isa = PBXFileReference; lastKnownFileType = sourcecode.swift; path = JHAudioPlayerController.swift; sourceTree = "<group>"; };
		340A68D4290BB7A300C1DBCC /* JHAudioPlayerController.xib */ = {isa = PBXFileReference; lastKnownFileType = file.xib; path = JHAudioPlayerController.xib; sourceTree = "<group>"; };
		345820F6290A71ED00B5D98B /* AVFoundationDemo.app */ = {isa = PBXFileReference; explicitFileType = wrapper.application; includeInIndex = 0; path = AVFoundationDemo.app; sourceTree = BUILT_PRODUCTS_DIR; };
		345820F9290A71ED00B5D98B /* AppDelegate.swift */ = {isa = PBXFileReference; lastKnownFileType = sourcecode.swift; path = AppDelegate.swift; sourceTree = "<group>"; };
		345820FB290A71ED00B5D98B /* SceneDelegate.swift */ = {isa = PBXFileReference; lastKnownFileType = sourcecode.swift; path = SceneDelegate.swift; sourceTree = "<group>"; };
		345820FD290A71ED00B5D98B /* ViewController.swift */ = {isa = PBXFileReference; lastKnownFileType = sourcecode.swift; path = ViewController.swift; sourceTree = "<group>"; };
		34582100290A71ED00B5D98B /* Base */ = {isa = PBXFileReference; lastKnownFileType = file.storyboard; name = Base; path = Base.lproj/Main.storyboard; sourceTree = "<group>"; };
		34582102290A71EE00B5D98B /* Assets.xcassets */ = {isa = PBXFileReference; lastKnownFileType = folder.assetcatalog; path = Assets.xcassets; sourceTree = "<group>"; };
		34582105290A71EE00B5D98B /* Base */ = {isa = PBXFileReference; lastKnownFileType = file.storyboard; name = Base; path = Base.lproj/LaunchScreen.storyboard; sourceTree = "<group>"; };
		34582107290A71EE00B5D98B /* Info.plist */ = {isa = PBXFileReference; lastKnownFileType = text.plist.xml; path = Info.plist; sourceTree = "<group>"; };
		3458210C290A71EE00B5D98B /* AVFoundationDemoTests.xctest */ = {isa = PBXFileReference; explicitFileType = wrapper.cfbundle; includeInIndex = 0; path = AVFoundationDemoTests.xctest; sourceTree = BUILT_PRODUCTS_DIR; };
		34582110290A71EE00B5D98B /* AVFoundationDemoTests.swift */ = {isa = PBXFileReference; lastKnownFileType = sourcecode.swift; path = AVFoundationDemoTests.swift; sourceTree = "<group>"; };
		34582116290A71EE00B5D98B /* AVFoundationDemoUITests.xctest */ = {isa = PBXFileReference; explicitFileType = wrapper.cfbundle; includeInIndex = 0; path = AVFoundationDemoUITests.xctest; sourceTree = BUILT_PRODUCTS_DIR; };
		3458211A290A71EE00B5D98B /* AVFoundationDemoUITests.swift */ = {isa = PBXFileReference; lastKnownFileType = sourcecode.swift; path = AVFoundationDemoUITests.swift; sourceTree = "<group>"; };
		3458211C290A71EE00B5D98B /* AVFoundationDemoUITestsLaunchTests.swift */ = {isa = PBXFileReference; lastKnownFileType = sourcecode.swift; path = AVFoundationDemoUITestsLaunchTests.swift; sourceTree = "<group>"; };
		34582129290A727D00B5D98B /* data.json */ = {isa = PBXFileReference; fileEncoding = 4; lastKnownFileType = text.json; path = data.json; sourceTree = "<group>"; };
		3458212C290A730800B5D98B /* JHSpeechController.swift */ = {isa = PBXFileReference; lastKnownFileType = sourcecode.swift; path = JHSpeechController.swift; sourceTree = "<group>"; };
		3463578D291118E600322A37 /* String+Extentsion.swift */ = {isa = PBXFileReference; lastKnownFileType = sourcecode.swift; path = "String+Extentsion.swift"; sourceTree = "<group>"; };
		34D2C8B12910C27E00844DF3 /* JHAudioRecoderController.swift */ = {isa = PBXFileReference; lastKnownFileType = sourcecode.swift; path = JHAudioRecoderController.swift; sourceTree = "<group>"; };
		34D2C8B22910C27E00844DF3 /* JHAudioRecoderController.xib */ = {isa = PBXFileReference; lastKnownFileType = file.xib; path = JHAudioRecoderController.xib; sourceTree = "<group>"; };
		34D2C8B62910C48700844DF3 /* FileManager.swift */ = {isa = PBXFileReference; lastKnownFileType = sourcecode.swift; path = FileManager.swift; sourceTree = "<group>"; };
		35939E7BCB0CB9160F6F78A6 /* Pods_AVFoundationDemo.framework */ = {isa = PBXFileReference; explicitFileType = wrapper.framework; includeInIndex = 0; path = Pods_AVFoundationDemo.framework; sourceTree = BUILT_PRODUCTS_DIR; };
		A86386F06252E73739D30278 /* Pods-AVFoundationDemo.debug.xcconfig */ = {isa = PBXFileReference; includeInIndex = 1; lastKnownFileType = text.xcconfig; name = "Pods-AVFoundationDemo.debug.xcconfig"; path = "Target Support Files/Pods-AVFoundationDemo/Pods-AVFoundationDemo.debug.xcconfig"; sourceTree = "<group>"; };
/* End PBXFileReference section */

/* Begin PBXFrameworksBuildPhase section */
		345820F3290A71ED00B5D98B /* Frameworks */ = {
			isa = PBXFrameworksBuildPhase;
			buildActionMask = 2147483647;
			files = (
				9EF51484A5CA6280175389E1 /* Pods_AVFoundationDemo.framework in Frameworks */,
			);
			runOnlyForDeploymentPostprocessing = 0;
		};
		34582109290A71EE00B5D98B /* Frameworks */ = {
			isa = PBXFrameworksBuildPhase;
			buildActionMask = 2147483647;
			files = (
			);
			runOnlyForDeploymentPostprocessing = 0;
		};
		34582113290A71EE00B5D98B /* Frameworks */ = {
			isa = PBXFrameworksBuildPhase;
			buildActionMask = 2147483647;
			files = (
			);
			runOnlyForDeploymentPostprocessing = 0;
		};
/* End PBXFrameworksBuildPhase section */

/* Begin PBXGroup section */
		205FBD4F485CEDE25972BBAD /* Frameworks */ = {
			isa = PBXGroup;
			children = (
				35939E7BCB0CB9160F6F78A6 /* Pods_AVFoundationDemo.framework */,
			);
			name = Frameworks;
			sourceTree = "<group>";
		};
		340A68C4290BA36E00C1DBCC /* 002-AudioPlayer */ = {
			isa = PBXGroup;
			children = (
				340A68D3290BB7A300C1DBCC /* JHAudioPlayerController.swift */,
				340A68D4290BB7A300C1DBCC /* JHAudioPlayerController.xib */,
			);
			path = "002-AudioPlayer";
			sourceTree = "<group>";
		};
		340A68C7290BA3BD00C1DBCC /* 003-AudioRecoder */ = {
			isa = PBXGroup;
			children = (
				34D2C8B12910C27E00844DF3 /* JHAudioRecoderController.swift */,
				34D2C8B22910C27E00844DF3 /* JHAudioRecoderController.xib */,
			);
			path = "003-AudioRecoder";
			sourceTree = "<group>";
		};
		340A68CA290BAA5400C1DBCC /* src */ = {
			isa = PBXGroup;
			children = (
				340A68CD290BAE4800C1DBCC /* Wonderful Tonight.wav */,
				340A68CB290BAB9B00C1DBCC /* 576bc2fc91ef22121.mp4 */,
			);
			path = src;
			sourceTree = "<group>";
		};
		345820ED290A71ED00B5D98B = {
			isa = PBXGroup;
			children = (
				345820F8290A71ED00B5D98B /* AVFoundationDemo */,
				3458210F290A71EE00B5D98B /* AVFoundationDemoTests */,
				34582119290A71EE00B5D98B /* AVFoundationDemoUITests */,
				345820F7290A71ED00B5D98B /* Products */,
				D01AF58A811135C1A4F98638 /* Pods */,
				205FBD4F485CEDE25972BBAD /* Frameworks */,
			);
			sourceTree = "<group>";
		};
		345820F7290A71ED00B5D98B /* Products */ = {
			isa = PBXGroup;
			children = (
				345820F6290A71ED00B5D98B /* AVFoundationDemo.app */,
				3458210C290A71EE00B5D98B /* AVFoundationDemoTests.xctest */,
				34582116290A71EE00B5D98B /* AVFoundationDemoUITests.xctest */,
			);
			name = Products;
			sourceTree = "<group>";
		};
		345820F8290A71ED00B5D98B /* AVFoundationDemo */ = {
			isa = PBXGroup;
			children = (
				345820F9290A71ED00B5D98B /* AppDelegate.swift */,
				345820FB290A71ED00B5D98B /* SceneDelegate.swift */,
				345820FD290A71ED00B5D98B /* ViewController.swift */,
				34582129290A727D00B5D98B /* data.json */,
				340A68C7290BA3BD00C1DBCC /* 003-AudioRecoder */,
				340A68C4290BA36E00C1DBCC /* 002-AudioPlayer */,
				3458212B290A72E900B5D98B /* 001-Speech */,
				340A68CA290BAA5400C1DBCC /* src */,
				34D2C8B52910C43F00844DF3 /* utils */,
				345820FF290A71ED00B5D98B /* Main.storyboard */,
				34582102290A71EE00B5D98B /* Assets.xcassets */,
				34582104290A71EE00B5D98B /* LaunchScreen.storyboard */,
				34582107290A71EE00B5D98B /* Info.plist */,
			);
			path = AVFoundationDemo;
			sourceTree = "<group>";
		};
		3458210F290A71EE00B5D98B /* AVFoundationDemoTests */ = {
			isa = PBXGroup;
			children = (
				34582110290A71EE00B5D98B /* AVFoundationDemoTests.swift */,
			);
			path = AVFoundationDemoTests;
			sourceTree = "<group>";
		};
		34582119290A71EE00B5D98B /* AVFoundationDemoUITests */ = {
			isa = PBXGroup;
			children = (
				3458211A290A71EE00B5D98B /* AVFoundationDemoUITests.swift */,
				3458211C290A71EE00B5D98B /* AVFoundationDemoUITestsLaunchTests.swift */,
			);
			path = AVFoundationDemoUITests;
			sourceTree = "<group>";
		};
		3458212B290A72E900B5D98B /* 001-Speech */ = {
			isa = PBXGroup;
			children = (
				3458212C290A730800B5D98B /* JHSpeechController.swift */,
			);
			path = "001-Speech";
			sourceTree = "<group>";
		};
		34D2C8B52910C43F00844DF3 /* utils */ = {
			isa = PBXGroup;
			children = (
				34D2C8B62910C48700844DF3 /* FileManager.swift */,
				3463578D291118E600322A37 /* String+Extentsion.swift */,
			);
			path = utils;
			sourceTree = "<group>";
		};
		D01AF58A811135C1A4F98638 /* Pods */ = {
			isa = PBXGroup;
			children = (
				A86386F06252E73739D30278 /* Pods-AVFoundationDemo.debug.xcconfig */,
				00E20ED29C5D21D36F85DCFE /* Pods-AVFoundationDemo.release.xcconfig */,
			);
			path = Pods;
			sourceTree = "<group>";
		};
/* End PBXGroup section */

/* Begin PBXNativeTarget section */
		345820F5290A71ED00B5D98B /* AVFoundationDemo */ = {
			isa = PBXNativeTarget;
			buildConfigurationList = 34582120290A71EE00B5D98B /* Build configuration list for PBXNativeTarget "AVFoundationDemo" */;
			buildPhases = (
				CDD34914896661542AD89565 /* [CP] Check Pods Manifest.lock */,
				345820F2290A71ED00B5D98B /* Sources */,
				345820F3290A71ED00B5D98B /* Frameworks */,
				345820F4290A71ED00B5D98B /* Resources */,
				D489AC276EC17008CE131070 /* [CP] Embed Pods Frameworks */,
			);
			buildRules = (
			);
			dependencies = (
			);
			name = AVFoundationDemo;
			productName = AVFoundationDemo;
			productReference = 345820F6290A71ED00B5D98B /* AVFoundationDemo.app */;
			productType = "com.apple.product-type.application";
		};
		3458210B290A71EE00B5D98B /* AVFoundationDemoTests */ = {
			isa = PBXNativeTarget;
			buildConfigurationList = 34582123290A71EE00B5D98B /* Build configuration list for PBXNativeTarget "AVFoundationDemoTests" */;
			buildPhases = (
				34582108290A71EE00B5D98B /* Sources */,
				34582109290A71EE00B5D98B /* Frameworks */,
				3458210A290A71EE00B5D98B /* Resources */,
			);
			buildRules = (
			);
			dependencies = (
				3458210E290A71EE00B5D98B /* PBXTargetDependency */,
			);
			name = AVFoundationDemoTests;
			productName = AVFoundationDemoTests;
			productReference = 3458210C290A71EE00B5D98B /* AVFoundationDemoTests.xctest */;
			productType = "com.apple.product-type.bundle.unit-test";
		};
		34582115290A71EE00B5D98B /* AVFoundationDemoUITests */ = {
			isa = PBXNativeTarget;
			buildConfigurationList = 34582126290A71EE00B5D98B /* Build configuration list for PBXNativeTarget "AVFoundationDemoUITests" */;
			buildPhases = (
				34582112290A71EE00B5D98B /* Sources */,
				34582113290A71EE00B5D98B /* Frameworks */,
				34582114290A71EE00B5D98B /* Resources */,
			);
			buildRules = (
			);
			dependencies = (
				34582118290A71EE00B5D98B /* PBXTargetDependency */,
			);
			name = AVFoundationDemoUITests;
			productName = AVFoundationDemoUITests;
			productReference = 34582116290A71EE00B5D98B /* AVFoundationDemoUITests.xctest */;
			productType = "com.apple.product-type.bundle.ui-testing";
		};
/* End PBXNativeTarget section */

/* Begin PBXProject section */
		345820EE290A71ED00B5D98B /* Project object */ = {
			isa = PBXProject;
			attributes = {
				BuildIndependentTargetsInParallel = 1;
				LastSwiftUpdateCheck = 1340;
				LastUpgradeCheck = 1340;
				TargetAttributes = {
					345820F5290A71ED00B5D98B = {
						CreatedOnToolsVersion = 13.4;
					};
					3458210B290A71EE00B5D98B = {
						CreatedOnToolsVersion = 13.4;
						TestTargetID = 345820F5290A71ED00B5D98B;
					};
					34582115290A71EE00B5D98B = {
						CreatedOnToolsVersion = 13.4;
						TestTargetID = 345820F5290A71ED00B5D98B;
					};
				};
			};
			buildConfigurationList = 345820F1290A71ED00B5D98B /* Build configuration list for PBXProject "AVFoundationDemo" */;
			compatibilityVersion = "Xcode 13.0";
			developmentRegion = en;
			hasScannedForEncodings = 0;
			knownRegions = (
				en,
				Base,
			);
			mainGroup = 345820ED290A71ED00B5D98B;
			productRefGroup = 345820F7290A71ED00B5D98B /* Products */;
			projectDirPath = "";
			projectRoot = "";
			targets = (
				345820F5290A71ED00B5D98B /* AVFoundationDemo */,
				3458210B290A71EE00B5D98B /* AVFoundationDemoTests */,
				34582115290A71EE00B5D98B /* AVFoundationDemoUITests */,
			);
		};
/* End PBXProject section */

/* Begin PBXResourcesBuildPhase section */
		345820F4290A71ED00B5D98B /* Resources */ = {
			isa = PBXResourcesBuildPhase;
			buildActionMask = 2147483647;
			files = (
				340A68D6290BB7A300C1DBCC /* JHAudioPlayerController.xib in Resources */,
				34D2C8B42910C27E00844DF3 /* JHAudioRecoderController.xib in Resources */,
				340A68CC290BAB9B00C1DBCC /* 576bc2fc91ef22121.mp4 in Resources */,
				34582106290A71EE00B5D98B /* LaunchScreen.storyboard in Resources */,
				340A68CE290BAE4800C1DBCC /* Wonderful Tonight.wav in Resources */,
				34582103290A71EE00B5D98B /* Assets.xcassets in Resources */,
				34582101290A71ED00B5D98B /* Main.storyboard in Resources */,
				3458212A290A727D00B5D98B /* data.json in Resources */,
			);
			runOnlyForDeploymentPostprocessing = 0;
		};
		3458210A290A71EE00B5D98B /* Resources */ = {
			isa = PBXResourcesBuildPhase;
			buildActionMask = 2147483647;
			files = (
			);
			runOnlyForDeploymentPostprocessing = 0;
		};
		34582114290A71EE00B5D98B /* Resources */ = {
			isa = PBXResourcesBuildPhase;
			buildActionMask = 2147483647;
			files = (
			);
			runOnlyForDeploymentPostprocessing = 0;
		};
/* End PBXResourcesBuildPhase section */

/* Begin PBXShellScriptBuildPhase section */
		CDD34914896661542AD89565 /* [CP] Check Pods Manifest.lock */ = {
			isa = PBXShellScriptBuildPhase;
			buildActionMask = 2147483647;
			files = (
			);
			inputFileListPaths = (
			);
			inputPaths = (
				"${PODS_PODFILE_DIR_PATH}/Podfile.lock",
				"${PODS_ROOT}/Manifest.lock",
			);
			name = "[CP] Check Pods Manifest.lock";
			outputFileListPaths = (
			);
			outputPaths = (
				"$(DERIVED_FILE_DIR)/Pods-AVFoundationDemo-checkManifestLockResult.txt",
			);
			runOnlyForDeploymentPostprocessing = 0;
			shellPath = /bin/sh;
			shellScript = "diff \"${PODS_PODFILE_DIR_PATH}/Podfile.lock\" \"${PODS_ROOT}/Manifest.lock\" > /dev/null\nif [ $? != 0 ] ; then\n    # print error to STDERR\n    echo \"error: The sandbox is not in sync with the Podfile.lock. Run 'pod install' or update your CocoaPods installation.\" >&2\n    exit 1\nfi\n# This output is used by Xcode 'outputs' to avoid re-running this script phase.\necho \"SUCCESS\" > \"${SCRIPT_OUTPUT_FILE_0}\"\n";
			showEnvVarsInLog = 0;
		};
		D489AC276EC17008CE131070 /* [CP] Embed Pods Frameworks */ = {
			isa = PBXShellScriptBuildPhase;
			buildActionMask = 2147483647;
			files = (
			);
			inputFileListPaths = (
				"${PODS_ROOT}/Target Support Files/Pods-AVFoundationDemo/Pods-AVFoundationDemo-frameworks-${CONFIGURATION}-input-files.xcfilelist",
			);
			name = "[CP] Embed Pods Frameworks";
			outputFileListPaths = (
				"${PODS_ROOT}/Target Support Files/Pods-AVFoundationDemo/Pods-AVFoundationDemo-frameworks-${CONFIGURATION}-output-files.xcfilelist",
			);
			runOnlyForDeploymentPostprocessing = 0;
			shellPath = /bin/sh;
			shellScript = "\"${PODS_ROOT}/Target Support Files/Pods-AVFoundationDemo/Pods-AVFoundationDemo-frameworks.sh\"\n";
			showEnvVarsInLog = 0;
		};
/* End PBXShellScriptBuildPhase section */

/* Begin PBXSourcesBuildPhase section */
		345820F2290A71ED00B5D98B /* Sources */ = {
			isa = PBXSourcesBuildPhase;
			buildActionMask = 2147483647;
			files = (
				345820FE290A71ED00B5D98B /* ViewController.swift in Sources */,
				34D2C8B32910C27E00844DF3 /* JHAudioRecoderController.swift in Sources */,
				3458212D290A730800B5D98B /* JHSpeechController.swift in Sources */,
				34D2C8B72910C48700844DF3 /* FileManager.swift in Sources */,
				345820FA290A71ED00B5D98B /* AppDelegate.swift in Sources */,
				3463578E291118E600322A37 /* String+Extentsion.swift in Sources */,
				345820FC290A71ED00B5D98B /* SceneDelegate.swift in Sources */,
				340A68D5290BB7A300C1DBCC /* JHAudioPlayerController.swift in Sources */,
			);
			runOnlyForDeploymentPostprocessing = 0;
		};
		34582108290A71EE00B5D98B /* Sources */ = {
			isa = PBXSourcesBuildPhase;
			buildActionMask = 2147483647;
			files = (
				34582111290A71EE00B5D98B /* AVFoundationDemoTests.swift in Sources */,
			);
			runOnlyForDeploymentPostprocessing = 0;
		};
		34582112290A71EE00B5D98B /* Sources */ = {
			isa = PBXSourcesBuildPhase;
			buildActionMask = 2147483647;
			files = (
				3458211B290A71EE00B5D98B /* AVFoundationDemoUITests.swift in Sources */,
				3458211D290A71EE00B5D98B /* AVFoundationDemoUITestsLaunchTests.swift in Sources */,
			);
			runOnlyForDeploymentPostprocessing = 0;
		};
/* End PBXSourcesBuildPhase section */

/* Begin PBXTargetDependency section */
		3458210E290A71EE00B5D98B /* PBXTargetDependency */ = {
			isa = PBXTargetDependency;
			target = 345820F5290A71ED00B5D98B /* AVFoundationDemo */;
			targetProxy = 3458210D290A71EE00B5D98B /* PBXContainerItemProxy */;
		};
		34582118290A71EE00B5D98B /* PBXTargetDependency */ = {
			isa = PBXTargetDependency;
			target = 345820F5290A71ED00B5D98B /* AVFoundationDemo */;
			targetProxy = 34582117290A71EE00B5D98B /* PBXContainerItemProxy */;
		};
/* End PBXTargetDependency section */

/* Begin PBXVariantGroup section */
		345820FF290A71ED00B5D98B /* Main.storyboard */ = {
			isa = PBXVariantGroup;
			children = (
				34582100290A71ED00B5D98B /* Base */,
			);
			name = Main.storyboard;
			sourceTree = "<group>";
		};
		34582104290A71EE00B5D98B /* LaunchScreen.storyboard */ = {
			isa = PBXVariantGroup;
			children = (
				34582105290A71EE00B5D98B /* Base */,
			);
			name = LaunchScreen.storyboard;
			sourceTree = "<group>";
		};
/* End PBXVariantGroup section */

/* Begin XCBuildConfiguration section */
		3458211E290A71EE00B5D98B /* Debug */ = {
			isa = XCBuildConfiguration;
			buildSettings = {
				ALWAYS_SEARCH_USER_PATHS = NO;
				CLANG_ANALYZER_NONNULL = YES;
				CLANG_ANALYZER_NUMBER_OBJECT_CONVERSION = YES_AGGRESSIVE;
				CLANG_CXX_LANGUAGE_STANDARD = "gnu++17";
				CLANG_ENABLE_MODULES = YES;
				CLANG_ENABLE_OBJC_ARC = YES;
				CLANG_ENABLE_OBJC_WEAK = YES;
				CLANG_WARN_BLOCK_CAPTURE_AUTORELEASING = YES;
				CLANG_WARN_BOOL_CONVERSION = YES;
				CLANG_WARN_COMMA = YES;
				CLANG_WARN_CONSTANT_CONVERSION = YES;
				CLANG_WARN_DEPRECATED_OBJC_IMPLEMENTATIONS = YES;
				CLANG_WARN_DIRECT_OBJC_ISA_USAGE = YES_ERROR;
				CLANG_WARN_DOCUMENTATION_COMMENTS = YES;
				CLANG_WARN_EMPTY_BODY = YES;
				CLANG_WARN_ENUM_CONVERSION = YES;
				CLANG_WARN_INFINITE_RECURSION = YES;
				CLANG_WARN_INT_CONVERSION = YES;
				CLANG_WARN_NON_LITERAL_NULL_CONVERSION = YES;
				CLANG_WARN_OBJC_IMPLICIT_RETAIN_SELF = YES;
				CLANG_WARN_OBJC_LITERAL_CONVERSION = YES;
				CLANG_WARN_OBJC_ROOT_CLASS = YES_ERROR;
				CLANG_WARN_QUOTED_INCLUDE_IN_FRAMEWORK_HEADER = YES;
				CLANG_WARN_RANGE_LOOP_ANALYSIS = YES;
				CLANG_WARN_STRICT_PROTOTYPES = YES;
				CLANG_WARN_SUSPICIOUS_MOVE = YES;
				CLANG_WARN_UNGUARDED_AVAILABILITY = YES_AGGRESSIVE;
				CLANG_WARN_UNREACHABLE_CODE = YES;
				CLANG_WARN__DUPLICATE_METHOD_MATCH = YES;
				COPY_PHASE_STRIP = NO;
				DEBUG_INFORMATION_FORMAT = dwarf;
				ENABLE_STRICT_OBJC_MSGSEND = YES;
				ENABLE_TESTABILITY = YES;
				GCC_C_LANGUAGE_STANDARD = gnu11;
				GCC_DYNAMIC_NO_PIC = NO;
				GCC_NO_COMMON_BLOCKS = YES;
				GCC_OPTIMIZATION_LEVEL = 0;
				GCC_PREPROCESSOR_DEFINITIONS = (
					"DEBUG=1",
					"$(inherited)",
				);
				GCC_WARN_64_TO_32_BIT_CONVERSION = YES;
				GCC_WARN_ABOUT_RETURN_TYPE = YES_ERROR;
				GCC_WARN_UNDECLARED_SELECTOR = YES;
				GCC_WARN_UNINITIALIZED_AUTOS = YES_AGGRESSIVE;
				GCC_WARN_UNUSED_FUNCTION = YES;
				GCC_WARN_UNUSED_VARIABLE = YES;
				IPHONEOS_DEPLOYMENT_TARGET = 15.5;
				MTL_ENABLE_DEBUG_INFO = INCLUDE_SOURCE;
				MTL_FAST_MATH = YES;
				ONLY_ACTIVE_ARCH = YES;
				SDKROOT = iphoneos;
				SWIFT_ACTIVE_COMPILATION_CONDITIONS = DEBUG;
				SWIFT_OPTIMIZATION_LEVEL = "-Onone";
			};
			name = Debug;
		};
		3458211F290A71EE00B5D98B /* Release */ = {
			isa = XCBuildConfiguration;
			buildSettings = {
				ALWAYS_SEARCH_USER_PATHS = NO;
				CLANG_ANALYZER_NONNULL = YES;
				CLANG_ANALYZER_NUMBER_OBJECT_CONVERSION = YES_AGGRESSIVE;
				CLANG_CXX_LANGUAGE_STANDARD = "gnu++17";
				CLANG_ENABLE_MODULES = YES;
				CLANG_ENABLE_OBJC_ARC = YES;
				CLANG_ENABLE_OBJC_WEAK = YES;
				CLANG_WARN_BLOCK_CAPTURE_AUTORELEASING = YES;
				CLANG_WARN_BOOL_CONVERSION = YES;
				CLANG_WARN_COMMA = YES;
				CLANG_WARN_CONSTANT_CONVERSION = YES;
				CLANG_WARN_DEPRECATED_OBJC_IMPLEMENTATIONS = YES;
				CLANG_WARN_DIRECT_OBJC_ISA_USAGE = YES_ERROR;
				CLANG_WARN_DOCUMENTATION_COMMENTS = YES;
				CLANG_WARN_EMPTY_BODY = YES;
				CLANG_WARN_ENUM_CONVERSION = YES;
				CLANG_WARN_INFINITE_RECURSION = YES;
				CLANG_WARN_INT_CONVERSION = YES;
				CLANG_WARN_NON_LITERAL_NULL_CONVERSION = YES;
				CLANG_WARN_OBJC_IMPLICIT_RETAIN_SELF = YES;
				CLANG_WARN_OBJC_LITERAL_CONVERSION = YES;
				CLANG_WARN_OBJC_ROOT_CLASS = YES_ERROR;
				CLANG_WARN_QUOTED_INCLUDE_IN_FRAMEWORK_HEADER = YES;
				CLANG_WARN_RANGE_LOOP_ANALYSIS = YES;
				CLANG_WARN_STRICT_PROTOTYPES = YES;
				CLANG_WARN_SUSPICIOUS_MOVE = YES;
				CLANG_WARN_UNGUARDED_AVAILABILITY = YES_AGGRESSIVE;
				CLANG_WARN_UNREACHABLE_CODE = YES;
				CLANG_WARN__DUPLICATE_METHOD_MATCH = YES;
				COPY_PHASE_STRIP = NO;
				DEBUG_INFORMATION_FORMAT = "dwarf-with-dsym";
				ENABLE_NS_ASSERTIONS = NO;
				ENABLE_STRICT_OBJC_MSGSEND = YES;
				GCC_C_LANGUAGE_STANDARD = gnu11;
				GCC_NO_COMMON_BLOCKS = YES;
				GCC_WARN_64_TO_32_BIT_CONVERSION = YES;
				GCC_WARN_ABOUT_RETURN_TYPE = YES_ERROR;
				GCC_WARN_UNDECLARED_SELECTOR = YES;
				GCC_WARN_UNINITIALIZED_AUTOS = YES_AGGRESSIVE;
				GCC_WARN_UNUSED_FUNCTION = YES;
				GCC_WARN_UNUSED_VARIABLE = YES;
				IPHONEOS_DEPLOYMENT_TARGET = 15.5;
				MTL_ENABLE_DEBUG_INFO = NO;
				MTL_FAST_MATH = YES;
				SDKROOT = iphoneos;
				SWIFT_COMPILATION_MODE = wholemodule;
				SWIFT_OPTIMIZATION_LEVEL = "-O";
				VALIDATE_PRODUCT = YES;
			};
			name = Release;
		};
		34582121290A71EE00B5D98B /* Debug */ = {
			isa = XCBuildConfiguration;
			baseConfigurationReference = A86386F06252E73739D30278 /* Pods-AVFoundationDemo.debug.xcconfig */;
			buildSettings = {
				ASSETCATALOG_COMPILER_APPICON_NAME = AppIcon;
				ASSETCATALOG_COMPILER_GLOBAL_ACCENT_COLOR_NAME = AccentColor;
				CODE_SIGN_STYLE = Automatic;
				CURRENT_PROJECT_VERSION = 1;
				DEVELOPMENT_TEAM = 8YR627Z7UA;
				GENERATE_INFOPLIST_FILE = YES;
				INFOPLIST_FILE = AVFoundationDemo/Info.plist;
				INFOPLIST_KEY_UIApplicationSupportsIndirectInputEvents = YES;
				INFOPLIST_KEY_UILaunchStoryboardName = LaunchScreen;
				INFOPLIST_KEY_UIMainStoryboardFile = Main;
				INFOPLIST_KEY_UISupportedInterfaceOrientations_iPad = "UIInterfaceOrientationPortrait UIInterfaceOrientationPortraitUpsideDown UIInterfaceOrientationLandscapeLeft UIInterfaceOrientationLandscapeRight";
				INFOPLIST_KEY_UISupportedInterfaceOrientations_iPhone = "UIInterfaceOrientationPortrait UIInterfaceOrientationLandscapeLeft UIInterfaceOrientationLandscapeRight";
				LD_RUNPATH_SEARCH_PATHS = (
					"$(inherited)",
					"@executable_path/Frameworks",
				);
				MARKETING_VERSION = 1.0;
				PRODUCT_BUNDLE_IDENTIFIER = sunshine.com.AVFoundationDemo;
				PRODUCT_NAME = "$(TARGET_NAME)";
				SWIFT_EMIT_LOC_STRINGS = YES;
				SWIFT_VERSION = 5.0;
				TARGETED_DEVICE_FAMILY = "1,2";
			};
			name = Debug;
		};
		34582122290A71EE00B5D98B /* Release */ = {
			isa = XCBuildConfiguration;
			baseConfigurationReference = 00E20ED29C5D21D36F85DCFE /* Pods-AVFoundationDemo.release.xcconfig */;
			buildSettings = {
				ASSETCATALOG_COMPILER_APPICON_NAME = AppIcon;
				ASSETCATALOG_COMPILER_GLOBAL_ACCENT_COLOR_NAME = AccentColor;
				CODE_SIGN_STYLE = Automatic;
				CURRENT_PROJECT_VERSION = 1;
				DEVELOPMENT_TEAM = 8YR627Z7UA;
				GENERATE_INFOPLIST_FILE = YES;
				INFOPLIST_FILE = AVFoundationDemo/Info.plist;
				INFOPLIST_KEY_UIApplicationSupportsIndirectInputEvents = YES;
				INFOPLIST_KEY_UILaunchStoryboardName = LaunchScreen;
				INFOPLIST_KEY_UIMainStoryboardFile = Main;
				INFOPLIST_KEY_UISupportedInterfaceOrientations_iPad = "UIInterfaceOrientationPortrait UIInterfaceOrientationPortraitUpsideDown UIInterfaceOrientationLandscapeLeft UIInterfaceOrientationLandscapeRight";
				INFOPLIST_KEY_UISupportedInterfaceOrientations_iPhone = "UIInterfaceOrientationPortrait UIInterfaceOrientationLandscapeLeft UIInterfaceOrientationLandscapeRight";
				LD_RUNPATH_SEARCH_PATHS = (
					"$(inherited)",
					"@executable_path/Frameworks",
				);
				MARKETING_VERSION = 1.0;
				PRODUCT_BUNDLE_IDENTIFIER = sunshine.com.AVFoundationDemo;
				PRODUCT_NAME = "$(TARGET_NAME)";
				SWIFT_EMIT_LOC_STRINGS = YES;
				SWIFT_VERSION = 5.0;
				TARGETED_DEVICE_FAMILY = "1,2";
			};
			name = Release;
		};
		34582124290A71EE00B5D98B /* Debug */ = {
			isa = XCBuildConfiguration;
			buildSettings = {
				ALWAYS_EMBED_SWIFT_STANDARD_LIBRARIES = YES;
				BUNDLE_LOADER = "$(TEST_HOST)";
				CODE_SIGN_STYLE = Automatic;
				CURRENT_PROJECT_VERSION = 1;
				GENERATE_INFOPLIST_FILE = YES;
				IPHONEOS_DEPLOYMENT_TARGET = 15.5;
				MARKETING_VERSION = 1.0;
				PRODUCT_BUNDLE_IDENTIFIER = sunshine.com.AVFoundationDemoTests;
				PRODUCT_NAME = "$(TARGET_NAME)";
				SWIFT_EMIT_LOC_STRINGS = NO;
				SWIFT_VERSION = 5.0;
				TARGETED_DEVICE_FAMILY = "1,2";
				TEST_HOST = "$(BUILT_PRODUCTS_DIR)/AVFoundationDemo.app/AVFoundationDemo";
			};
			name = Debug;
		};
		34582125290A71EE00B5D98B /* Release */ = {
			isa = XCBuildConfiguration;
			buildSettings = {
				ALWAYS_EMBED_SWIFT_STANDARD_LIBRARIES = YES;
				BUNDLE_LOADER = "$(TEST_HOST)";
				CODE_SIGN_STYLE = Automatic;
				CURRENT_PROJECT_VERSION = 1;
				GENERATE_INFOPLIST_FILE = YES;
				IPHONEOS_DEPLOYMENT_TARGET = 15.5;
				MARKETING_VERSION = 1.0;
				PRODUCT_BUNDLE_IDENTIFIER = sunshine.com.AVFoundationDemoTests;
				PRODUCT_NAME = "$(TARGET_NAME)";
				SWIFT_EMIT_LOC_STRINGS = NO;
				SWIFT_VERSION = 5.0;
				TARGETED_DEVICE_FAMILY = "1,2";
				TEST_HOST = "$(BUILT_PRODUCTS_DIR)/AVFoundationDemo.app/AVFoundationDemo";
			};
			name = Release;
		};
		34582127290A71EE00B5D98B /* Debug */ = {
			isa = XCBuildConfiguration;
			buildSettings = {
				ALWAYS_EMBED_SWIFT_STANDARD_LIBRARIES = YES;
				CODE_SIGN_STYLE = Automatic;
				CURRENT_PROJECT_VERSION = 1;
				GENERATE_INFOPLIST_FILE = YES;
				MARKETING_VERSION = 1.0;
				PRODUCT_BUNDLE_IDENTIFIER = sunshine.com.AVFoundationDemoUITests;
				PRODUCT_NAME = "$(TARGET_NAME)";
				SWIFT_EMIT_LOC_STRINGS = NO;
				SWIFT_VERSION = 5.0;
				TARGETED_DEVICE_FAMILY = "1,2";
				TEST_TARGET_NAME = AVFoundationDemo;
			};
			name = Debug;
		};
		34582128290A71EE00B5D98B /* Release */ = {
			isa = XCBuildConfiguration;
			buildSettings = {
				ALWAYS_EMBED_SWIFT_STANDARD_LIBRARIES = YES;
				CODE_SIGN_STYLE = Automatic;
				CURRENT_PROJECT_VERSION = 1;
				GENERATE_INFOPLIST_FILE = YES;
				MARKETING_VERSION = 1.0;
				PRODUCT_BUNDLE_IDENTIFIER = sunshine.com.AVFoundationDemoUITests;
				PRODUCT_NAME = "$(TARGET_NAME)";
				SWIFT_EMIT_LOC_STRINGS = NO;
				SWIFT_VERSION = 5.0;
				TARGETED_DEVICE_FAMILY = "1,2";
				TEST_TARGET_NAME = AVFoundationDemo;
			};
			name = Release;
		};
/* End XCBuildConfiguration section */

/* Begin XCConfigurationList section */
		345820F1290A71ED00B5D98B /* Build configuration list for PBXProject "AVFoundationDemo" */ = {
			isa = XCConfigurationList;
			buildConfigurations = (
				3458211E290A71EE00B5D98B /* Debug */,
				3458211F290A71EE00B5D98B /* Release */,
			);
			defaultConfigurationIsVisible = 0;
			defaultConfigurationName = Release;
		};
		34582120290A71EE00B5D98B /* Build configuration list for PBXNativeTarget "AVFoundationDemo" */ = {
			isa = XCConfigurationList;
			buildConfigurations = (
				34582121290A71EE00B5D98B /* Debug */,
				34582122290A71EE00B5D98B /* Release */,
			);
			defaultConfigurationIsVisible = 0;
			defaultConfigurationName = Release;
		};
		34582123290A71EE00B5D98B /* Build configuration list for PBXNativeTarget "AVFoundationDemoTests" */ = {
			isa = XCConfigurationList;
			buildConfigurations = (
				34582124290A71EE00B5D98B /* Debug */,
				34582125290A71EE00B5D98B /* Release */,
			);
			defaultConfigurationIsVisible = 0;
			defaultConfigurationName = Release;
		};
		34582126290A71EE00B5D98B /* Build configuration list for PBXNativeTarget "AVFoundationDemoUITests" */ = {
			isa = XCConfigurationList;
			buildConfigurations = (
				34582127290A71EE00B5D98B /* Debug */,
				34582128290A71EE00B5D98B /* Release */,
			);
			defaultConfigurationIsVisible = 0;
			defaultConfigurationName = Release;
		};
/* End XCConfigurationList section */
	};
	rootObject = 345820EE290A71ED00B5D98B /* Project object */;
}
